{
  "name": "transaction",
  "version": "1.0.0",
  "lockfileVersion": 1,
  "requires": true,
  "dependencies": {
    "async-lock": {
      "version": "1.2.4",
      "resolved": "https://registry.npmjs.org/async-lock/-/async-lock-1.2.4.tgz",
      "integrity": "sha512-UBQJC2pbeyGutIfYmErGc9RaJYnpZ1FHaxuKwb0ahvGiiCkPUf3p67Io+YLPmmv3RHY+mF6JEtNW8FlHsraAaA=="
    },
    "tcb-router": {
      "version": "1.1.2",
      "resolved": "https://registry.npmjs.org/tcb-router/-/tcb-router-1.1.2.tgz",
      "integrity": "sha512-VB+83paVdYG0LWaodh73JUy660te2oleM5gETslbCHLnhTtgXXYfAR0dlHBU5dIhhH47V1nKp43lZUo6Xm9O4g=="
    }
  }
}
